{
  "name": "frontend-test-tree",
  "lockfileVersion": 3,
  "requires": true,
  "packages": {
    "": {
      "devDependencies": {
        "@types/react-input-mask": "^3.0.6"
      }
    },
    "node_modules/@types/react": {
      "version": "19.0.1",
      "resolved": "https://registry.npmjs.org/@types/react/-/react-19.0.1.tgz",
      "integrity": "sha512-YW6614BDhqbpR5KtUYzTA+zlA7nayzJRA9ljz9CQoxthR0sDisYZLuvSMsil36t4EH/uAt8T52Xb4sVw17G+SQ==",
      "dev": true,
      "license": "MIT",
      "dependencies": {
        "csstype": "^3.0.2"
      }
    },
    "node_modules/@types/react-input-mask": {
      "version": "3.0.6",
      "resolved": "https://registry.npmjs.org/@types/react-input-mask/-/react-input-mask-3.0.6.tgz",
      "integrity": "sha512-+5I18WKyG3eWIj7TVPWfK1VitI9mPpS9y6jE/BfmTCe+iL27NfBw/yzKRvCFp1DRBvlvvcsiZf05bub0YC1k8A==",
      "dev": true,
      "license": "MIT",
      "dependencies": {
        "@types/react": "*"
      }
    },
    "node_modules/csstype": {
      "version": "3.1.3",
      "resolved": "https://registry.npmjs.org/csstype/-/csstype-3.1.3.tgz",
      "integrity": "sha512-M1uQkMl8rQK/szD0LNhtqxIPLpimGm8sOBwU7lLnCpSbTyY3yeU1Vc7l4KT5zT4s/yOxHH5O7tIuuLOCnLADRw==",
      "dev": true,
      "license": "MIT"
    }
  }
}
